// !$*UTF8*$!
{
	archiveVersion = 1;
	classes = {
	};
	objectVersion = 55;
	objects = {

/* Begin PBXBuildFile section */
		289002D7280E7B5C0020AD7A /* AppDelegate.swift in Sources */ = {isa = PBXBuildFile; fileRef = 289002D6280E7B5C0020AD7A /* AppDelegate.swift */; };
		289002D9280E7B5C0020AD7A /* SceneDelegate.swift in Sources */ = {isa = PBXBuildFile; fileRef = 289002D8280E7B5C0020AD7A /* SceneDelegate.swift */; };
		289002DE280E7B5C0020AD7A /* Main.storyboard in Resources */ = {isa = PBXBuildFile; fileRef = 289002DC280E7B5C0020AD7A /* Main.storyboard */; };
		289002E0280E7B600020AD7A /* Assets.xcassets in Resources */ = {isa = PBXBuildFile; fileRef = 289002DF280E7B600020AD7A /* Assets.xcassets */; };
		289002E3280E7B600020AD7A /* LaunchScreen.storyboard in Resources */ = {isa = PBXBuildFile; fileRef = 289002E1280E7B600020AD7A /* LaunchScreen.storyboard */; };
		289002EE280E7B600020AD7A /* FetchRewards_iOS_Coding_ChallengeTests.swift in Sources */ = {isa = PBXBuildFile; fileRef = 289002ED280E7B600020AD7A /* FetchRewards_iOS_Coding_ChallengeTests.swift */; };
		289002F8280E7B600020AD7A /* FetchRewards_iOS_Coding_ChallengeUITests.swift in Sources */ = {isa = PBXBuildFile; fileRef = 289002F7280E7B600020AD7A /* FetchRewards_iOS_Coding_ChallengeUITests.swift */; };
		289002FA280E7B600020AD7A /* FetchRewards_iOS_Coding_ChallengeUITestsLaunchTests.swift in Sources */ = {isa = PBXBuildFile; fileRef = 289002F9280E7B600020AD7A /* FetchRewards_iOS_Coding_ChallengeUITestsLaunchTests.swift */; };
		28900307280E8C610020AD7A /* DessertMenuViewController.swift in Sources */ = {isa = PBXBuildFile; fileRef = 28900306280E8C610020AD7A /* DessertMenuViewController.swift */; };
		2890030A280E99C50020AD7A /* DessertCells.swift in Sources */ = {isa = PBXBuildFile; fileRef = 28900309280E99C50020AD7A /* DessertCells.swift */; };
		28D8C7FB281775D200390944 /* Endpoint.swift in Sources */ = {isa = PBXBuildFile; fileRef = 28D8C7FA281775D200390944 /* Endpoint.swift */; };
		28D8C7FD28177F9B00390944 /* DessertEndpoint.swift in Sources */ = {isa = PBXBuildFile; fileRef = 28D8C7FC28177F9B00390944 /* DessertEndpoint.swift */; };
		28D8C7FF2817807800390944 /* DessertModels.swift in Sources */ = {isa = PBXBuildFile; fileRef = 28D8C7FE2817807800390944 /* DessertModels.swift */; };
		28D8C803281781D700390944 /* NetworkService.swift in Sources */ = {isa = PBXBuildFile; fileRef = 28D8C802281781D700390944 /* NetworkService.swift */; };
		28D8C8052817C20300390944 /* DessertDetailViewController.swift in Sources */ = {isa = PBXBuildFile; fileRef = 28D8C8042817C20300390944 /* DessertDetailViewController.swift */; };
		28D8C8072817C2C700390944 /* DessertDetails.swift in Sources */ = {isa = PBXBuildFile; fileRef = 28D8C8062817C2C700390944 /* DessertDetails.swift */; };
		28D8C80C2817D6D000390944 /* UIImageView+Extension.swift in Sources */ = {isa = PBXBuildFile; fileRef = 28D8C80B2817D6D000390944 /* UIImageView+Extension.swift */; };
/* End PBXBuildFile section */

/* Begin PBXContainerItemProxy section */
		289002EA280E7B600020AD7A /* PBXContainerItemProxy */ = {
			isa = PBXContainerItemProxy;
			containerPortal = 289002CB280E7B5C0020AD7A /* Project object */;
			proxyType = 1;
			remoteGlobalIDString = 289002D2280E7B5C0020AD7A;
			remoteInfo = "FetchRewards-iOS-Coding-Challenge";
		};
		289002F4280E7B600020AD7A /* PBXContainerItemProxy */ = {
			isa = PBXContainerItemProxy;
			containerPortal = 289002CB280E7B5C0020AD7A /* Project object */;
			proxyType = 1;
			remoteGlobalIDString = 289002D2280E7B5C0020AD7A;
			remoteInfo = "FetchRewards-iOS-Coding-Challenge";
		};
/* End PBXContainerItemProxy section */

/* Begin PBXFileReference section */
		289002D3280E7B5C0020AD7A /* FetchRewards-iOS-Coding-Challenge.app */ = {isa = PBXFileReference; explicitFileType = wrapper.application; includeInIndex = 0; path = "FetchRewards-iOS-Coding-Challenge.app"; sourceTree = BUILT_PRODUCTS_DIR; };
		289002D6280E7B5C0020AD7A /* AppDelegate.swift */ = {isa = PBXFileReference; lastKnownFileType = sourcecode.swift; path = AppDelegate.swift; sourceTree = "<group>"; };
		289002D8280E7B5C0020AD7A /* SceneDelegate.swift */ = {isa = PBXFileReference; lastKnownFileType = sourcecode.swift; path = SceneDelegate.swift; sourceTree = "<group>"; };
		289002DD280E7B5C0020AD7A /* Base */ = {isa = PBXFileReference; lastKnownFileType = file.storyboard; name = Base; path = Base.lproj/Main.storyboard; sourceTree = "<group>"; };
		289002DF280E7B600020AD7A /* Assets.xcassets */ = {isa = PBXFileReference; lastKnownFileType = folder.assetcatalog; path = Assets.xcassets; sourceTree = "<group>"; };
		289002E2280E7B600020AD7A /* Base */ = {isa = PBXFileReference; lastKnownFileType = file.storyboard; name = Base; path = Base.lproj/LaunchScreen.storyboard; sourceTree = "<group>"; };
		289002E4280E7B600020AD7A /* Info.plist */ = {isa = PBXFileReference; lastKnownFileType = text.plist.xml; path = Info.plist; sourceTree = "<group>"; };
		289002E9280E7B600020AD7A /* FetchRewards-iOS-Coding-ChallengeTests.xctest */ = {isa = PBXFileReference; explicitFileType = wrapper.cfbundle; includeInIndex = 0; path = "FetchRewards-iOS-Coding-ChallengeTests.xctest"; sourceTree = BUILT_PRODUCTS_DIR; };
		289002ED280E7B600020AD7A /* FetchRewards_iOS_Coding_ChallengeTests.swift */ = {isa = PBXFileReference; lastKnownFileType = sourcecode.swift; path = FetchRewards_iOS_Coding_ChallengeTests.swift; sourceTree = "<group>"; };
		289002F3280E7B600020AD7A /* FetchRewards-iOS-Coding-ChallengeUITests.xctest */ = {isa = PBXFileReference; explicitFileType = wrapper.cfbundle; includeInIndex = 0; path = "FetchRewards-iOS-Coding-ChallengeUITests.xctest"; sourceTree = BUILT_PRODUCTS_DIR; };
		289002F7280E7B600020AD7A /* FetchRewards_iOS_Coding_ChallengeUITests.swift */ = {isa = PBXFileReference; lastKnownFileType = sourcecode.swift; path = FetchRewards_iOS_Coding_ChallengeUITests.swift; sourceTree = "<group>"; };
		289002F9280E7B600020AD7A /* FetchRewards_iOS_Coding_ChallengeUITestsLaunchTests.swift */ = {isa = PBXFileReference; lastKnownFileType = sourcecode.swift; path = FetchRewards_iOS_Coding_ChallengeUITestsLaunchTests.swift; sourceTree = "<group>"; };
		28900306280E8C610020AD7A /* DessertMenuViewController.swift */ = {isa = PBXFileReference; lastKnownFileType = sourcecode.swift; path = DessertMenuViewController.swift; sourceTree = "<group>"; };
		28900309280E99C50020AD7A /* DessertCells.swift */ = {isa = PBXFileReference; lastKnownFileType = sourcecode.swift; path = DessertCells.swift; sourceTree = "<group>"; };
		28D8C7FA281775D200390944 /* Endpoint.swift */ = {isa = PBXFileReference; lastKnownFileType = sourcecode.swift; path = Endpoint.swift; sourceTree = "<group>"; };
		28D8C7FC28177F9B00390944 /* DessertEndpoint.swift */ = {isa = PBXFileReference; lastKnownFileType = sourcecode.swift; path = DessertEndpoint.swift; sourceTree = "<group>"; };
		28D8C7FE2817807800390944 /* DessertModels.swift */ = {isa = PBXFileReference; lastKnownFileType = sourcecode.swift; path = DessertModels.swift; sourceTree = "<group>"; };
		28D8C802281781D700390944 /* NetworkService.swift */ = {isa = PBXFileReference; lastKnownFileType = sourcecode.swift; path = NetworkService.swift; sourceTree = "<group>"; };
		28D8C8042817C20300390944 /* DessertDetailViewController.swift */ = {isa = PBXFileReference; lastKnownFileType = sourcecode.swift; path = DessertDetailViewController.swift; sourceTree = "<group>"; };
		28D8C8062817C2C700390944 /* DessertDetails.swift */ = {isa = PBXFileReference; lastKnownFileType = sourcecode.swift; path = DessertDetails.swift; sourceTree = "<group>"; };
		28D8C80B2817D6D000390944 /* UIImageView+Extension.swift */ = {isa = PBXFileReference; lastKnownFileType = sourcecode.swift; path = "UIImageView+Extension.swift"; sourceTree = "<group>"; };
/* End PBXFileReference section */

/* Begin PBXFrameworksBuildPhase section */
		289002D0280E7B5C0020AD7A /* Frameworks */ = {
			isa = PBXFrameworksBuildPhase;
			buildActionMask = 2147483647;
			files = (
			);
			runOnlyForDeploymentPostprocessing = 0;
		};
		289002E6280E7B600020AD7A /* Frameworks */ = {
			isa = PBXFrameworksBuildPhase;
			buildActionMask = 2147483647;
			files = (
			);
			runOnlyForDeploymentPostprocessing = 0;
		};
		289002F0280E7B600020AD7A /* Frameworks */ = {
			isa = PBXFrameworksBuildPhase;
			buildActionMask = 2147483647;
			files = (
			);
			runOnlyForDeploymentPostprocessing = 0;
		};
/* End PBXFrameworksBuildPhase section */

/* Begin PBXGroup section */
		289002CA280E7B5C0020AD7A = {
			isa = PBXGroup;
			children = (
				289002D5280E7B5C0020AD7A /* FetchRewards-iOS-Coding-Challenge */,
				289002EC280E7B600020AD7A /* FetchRewards-iOS-Coding-ChallengeTests */,
				289002F6280E7B600020AD7A /* FetchRewards-iOS-Coding-ChallengeUITests */,
				289002D4280E7B5C0020AD7A /* Products */,
			);
			sourceTree = "<group>";
		};
		289002D4280E7B5C0020AD7A /* Products */ = {
			isa = PBXGroup;
			children = (
				289002D3280E7B5C0020AD7A /* FetchRewards-iOS-Coding-Challenge.app */,
				289002E9280E7B600020AD7A /* FetchRewards-iOS-Coding-ChallengeTests.xctest */,
				289002F3280E7B600020AD7A /* FetchRewards-iOS-Coding-ChallengeUITests.xctest */,
			);
			name = Products;
			sourceTree = "<group>";
		};
		289002D5280E7B5C0020AD7A /* FetchRewards-iOS-Coding-Challenge */ = {
			isa = PBXGroup;
			children = (
				289002D6280E7B5C0020AD7A /* AppDelegate.swift */,
				289002D8280E7B5C0020AD7A /* SceneDelegate.swift */,
				28900306280E8C610020AD7A /* DessertMenuViewController.swift */,
				28D8C8042817C20300390944 /* DessertDetailViewController.swift */,
				28900308280E99A00020AD7A /* Views */,
				28D8C7F9281775A700390944 /* Networking */,
				28D8C8082817C98E00390944 /* Extensions */,
				289002DC280E7B5C0020AD7A /* Main.storyboard */,
				289002DF280E7B600020AD7A /* Assets.xcassets */,
				289002E1280E7B600020AD7A /* LaunchScreen.storyboard */,
				289002E4280E7B600020AD7A /* Info.plist */,
			);
			path = "FetchRewards-iOS-Coding-Challenge";
			sourceTree = "<group>";
		};
		289002EC280E7B600020AD7A /* FetchRewards-iOS-Coding-ChallengeTests */ = {
			isa = PBXGroup;
			children = (
				289002ED280E7B600020AD7A /* FetchRewards_iOS_Coding_ChallengeTests.swift */,
			);
			path = "FetchRewards-iOS-Coding-ChallengeTests";
			sourceTree = "<group>";
		};
		289002F6280E7B600020AD7A /* FetchRewards-iOS-Coding-ChallengeUITests */ = {
			isa = PBXGroup;
			children = (
				289002F7280E7B600020AD7A /* FetchRewards_iOS_Coding_ChallengeUITests.swift */,
				289002F9280E7B600020AD7A /* FetchRewards_iOS_Coding_ChallengeUITestsLaunchTests.swift */,
			);
			path = "FetchRewards-iOS-Coding-ChallengeUITests";
			sourceTree = "<group>";
		};
		28900308280E99A00020AD7A /* Views */ = {
			isa = PBXGroup;
			children = (
				28900309280E99C50020AD7A /* DessertCells.swift */,
			);
			path = Views;
			sourceTree = "<group>";
		};
		28D8C7F9281775A700390944 /* Networking */ = {
			isa = PBXGroup;
			children = (
				28D8C7FA281775D200390944 /* Endpoint.swift */,
				28D8C7FC28177F9B00390944 /* DessertEndpoint.swift */,
				28D8C802281781D700390944 /* NetworkService.swift */,
				28D8C7FE2817807800390944 /* DessertModels.swift */,
				28D8C8062817C2C700390944 /* DessertDetails.swift */,
			);
			path = Networking;
			sourceTree = "<group>";
		};
		28D8C8082817C98E00390944 /* Extensions */ = {
			isa = PBXGroup;
			children = (
				28D8C80B2817D6D000390944 /* UIImageView+Extension.swift */,
			);
			path = Extensions;
			sourceTree = "<group>";
		};
/* End PBXGroup section */

/* Begin PBXNativeTarget section */
		289002D2280E7B5C0020AD7A /* FetchRewards-iOS-Coding-Challenge */ = {
			isa = PBXNativeTarget;
			buildConfigurationList = 289002FD280E7B600020AD7A /* Build configuration list for PBXNativeTarget "FetchRewards-iOS-Coding-Challenge" */;
			buildPhases = (
				289002CF280E7B5C0020AD7A /* Sources */,
				289002D0280E7B5C0020AD7A /* Frameworks */,
				289002D1280E7B5C0020AD7A /* Resources */,
			);
			buildRules = (
			);
			dependencies = (
			);
			name = "FetchRewards-iOS-Coding-Challenge";
			productName = "FetchRewards-iOS-Coding-Challenge";
			productReference = 289002D3280E7B5C0020AD7A /* FetchRewards-iOS-Coding-Challenge.app */;
			productType = "com.apple.product-type.application";
		};
		289002E8280E7B600020AD7A /* FetchRewards-iOS-Coding-ChallengeTests */ = {
			isa = PBXNativeTarget;
			buildConfigurationList = 28900300280E7B600020AD7A /* Build configuration list for PBXNativeTarget "FetchRewards-iOS-Coding-ChallengeTests" */;
			buildPhases = (
				289002E5280E7B600020AD7A /* Sources */,
				289002E6280E7B600020AD7A /* Frameworks */,
				289002E7280E7B600020AD7A /* Resources */,
			);
			buildRules = (
			);
			dependencies = (
				289002EB280E7B600020AD7A /* PBXTargetDependency */,
			);
			name = "FetchRewards-iOS-Coding-ChallengeTests";
			productName = "FetchRewards-iOS-Coding-ChallengeTests";
			productReference = 289002E9280E7B600020AD7A /* FetchRewards-iOS-Coding-ChallengeTests.xctest */;
			productType = "com.apple.product-type.bundle.unit-test";
		};
		289002F2280E7B600020AD7A /* FetchRewards-iOS-Coding-ChallengeUITests */ = {
			isa = PBXNativeTarget;
			buildConfigurationList = 28900303280E7B600020AD7A /* Build configuration list for PBXNativeTarget "FetchRewards-iOS-Coding-ChallengeUITests" */;
			buildPhases = (
				289002EF280E7B600020AD7A /* Sources */,
				289002F0280E7B600020AD7A /* Frameworks */,
				289002F1280E7B600020AD7A /* Resources */,
			);
			buildRules = (
			);
			dependencies = (
				289002F5280E7B600020AD7A /* PBXTargetDependency */,
			);
			name = "FetchRewards-iOS-Coding-ChallengeUITests";
			productName = "FetchRewards-iOS-Coding-ChallengeUITests";
			productReference = 289002F3280E7B600020AD7A /* FetchRewards-iOS-Coding-ChallengeUITests.xctest */;
			productType = "com.apple.product-type.bundle.ui-testing";
		};
/* End PBXNativeTarget section */

/* Begin PBXProject section */
		289002CB280E7B5C0020AD7A /* Project object */ = {
			isa = PBXProject;
			attributes = {
				BuildIndependentTargetsInParallel = 1;
				LastSwiftUpdateCheck = 1320;
				LastUpgradeCheck = 1320;
				TargetAttributes = {
					289002D2280E7B5C0020AD7A = {
						CreatedOnToolsVersion = 13.2.1;
					};
					289002E8280E7B600020AD7A = {
						CreatedOnToolsVersion = 13.2.1;
						TestTargetID = 289002D2280E7B5C0020AD7A;
					};
					289002F2280E7B600020AD7A = {
						CreatedOnToolsVersion = 13.2.1;
						TestTargetID = 289002D2280E7B5C0020AD7A;
					};
				};
			};
			buildConfigurationList = 289002CE280E7B5C0020AD7A /* Build configuration list for PBXProject "FetchRewards-iOS-Coding-Challenge" */;
			compatibilityVersion = "Xcode 13.0";
			developmentRegion = en;
			hasScannedForEncodings = 0;
			knownRegions = (
				en,
				Base,
			);
			mainGroup = 289002CA280E7B5C0020AD7A;
			productRefGroup = 289002D4280E7B5C0020AD7A /* Products */;
			projectDirPath = "";
			projectRoot = "";
			targets = (
				289002D2280E7B5C0020AD7A /* FetchRewards-iOS-Coding-Challenge */,
				289002E8280E7B600020AD7A /* FetchRewards-iOS-Coding-ChallengeTests */,
				289002F2280E7B600020AD7A /* FetchRewards-iOS-Coding-ChallengeUITests */,
			);
		};
/* End PBXProject section */

/* Begin PBXResourcesBuildPhase section */
		289002D1280E7B5C0020AD7A /* Resources */ = {
			isa = PBXResourcesBuildPhase;
			buildActionMask = 2147483647;
			files = (
				289002E3280E7B600020AD7A /* LaunchScreen.storyboard in Resources */,
				289002E0280E7B600020AD7A /* Assets.xcassets in Resources */,
				289002DE280E7B5C0020AD7A /* Main.storyboard in Resources */,
			);
			runOnlyForDeploymentPostprocessing = 0;
		};
		289002E7280E7B600020AD7A /* Resources */ = {
			isa = PBXResourcesBuildPhase;
			buildActionMask = 2147483647;
			files = (
			);
			runOnlyForDeploymentPostprocessing = 0;
		};
		289002F1280E7B600020AD7A /* Resources */ = {
			isa = PBXResourcesBuildPhase;
			buildActionMask = 2147483647;
			files = (
			);
			runOnlyForDeploymentPostprocessing = 0;
		};
/* End PBXResourcesBuildPhase section */

/* Begin PBXSourcesBuildPhase section */
		289002CF280E7B5C0020AD7A /* Sources */ = {
			isa = PBXSourcesBuildPhase;
			buildActionMask = 2147483647;
			files = (
				28900307280E8C610020AD7A /* DessertMenuViewController.swift in Sources */,
				28D8C8072817C2C700390944 /* DessertDetails.swift in Sources */,
				28D8C7FD28177F9B00390944 /* DessertEndpoint.swift in Sources */,
				28D8C803281781D700390944 /* NetworkService.swift in Sources */,
				289002D7280E7B5C0020AD7A /* AppDelegate.swift in Sources */,
				2890030A280E99C50020AD7A /* DessertCells.swift in Sources */,
				289002D9280E7B5C0020AD7A /* SceneDelegate.swift in Sources */,
				28D8C80C2817D6D000390944 /* UIImageView+Extension.swift in Sources */,
				28D8C7FB281775D200390944 /* Endpoint.swift in Sources */,
				28D8C8052817C20300390944 /* DessertDetailViewController.swift in Sources */,
				28D8C7FF2817807800390944 /* DessertModels.swift in Sources */,
			);
			runOnlyForDeploymentPostprocessing = 0;
		};
		289002E5280E7B600020AD7A /* Sources */ = {
			isa = PBXSourcesBuildPhase;
			buildActionMask = 2147483647;
			files = (
				289002EE280E7B600020AD7A /* FetchRewards_iOS_Coding_ChallengeTests.swift in Sources */,
			);
			runOnlyForDeploymentPostprocessing = 0;
		};
		289002EF280E7B600020AD7A /* Sources */ = {
			isa = PBXSourcesBuildPhase;
			buildActionMask = 2147483647;
			files = (
				289002FA280E7B600020AD7A /* FetchRewards_iOS_Coding_ChallengeUITestsLaunchTests.swift in Sources */,
				289002F8280E7B600020AD7A /* FetchRewards_iOS_Coding_ChallengeUITests.swift in Sources */,
			);
			runOnlyForDeploymentPostprocessing = 0;
		};
/* End PBXSourcesBuildPhase section */

/* Begin PBXTargetDependency section */
		289002EB280E7B600020AD7A /* PBXTargetDependency */ = {
			isa = PBXTargetDependency;
			target = 289002D2280E7B5C0020AD7A /* FetchRewards-iOS-Coding-Challenge */;
			targetProxy = 289002EA280E7B600020AD7A /* PBXContainerItemProxy */;
		};
		289002F5280E7B600020AD7A /* PBXTargetDependency */ = {
			isa = PBXTargetDependency;
			target = 289002D2280E7B5C0020AD7A /* FetchRewards-iOS-Coding-Challenge */;
			targetProxy = 289002F4280E7B600020AD7A /* PBXContainerItemProxy */;
		};
/* End PBXTargetDependency section */

/* Begin PBXVariantGroup section */
		289002DC280E7B5C0020AD7A /* Main.storyboard */ = {
			isa = PBXVariantGroup;
			children = (
				289002DD280E7B5C0020AD7A /* Base */,
			);
			name = Main.storyboard;
			sourceTree = "<group>";
		};
		289002E1280E7B600020AD7A /* LaunchScreen.storyboard */ = {
			isa = PBXVariantGroup;
			children = (
				289002E2280E7B600020AD7A /* Base */,
			);
			name = LaunchScreen.storyboard;
			sourceTree = "<group>";
		};
/* End PBXVariantGroup section */

/* Begin XCBuildConfiguration section */
		289002FB280E7B600020AD7A /* Debug */ = {
			isa = XCBuildConfiguration;
			buildSettings = {
				ALWAYS_SEARCH_USER_PATHS = NO;
				CLANG_ANALYZER_NONNULL = YES;
				CLANG_ANALYZER_NUMBER_OBJECT_CONVERSION = YES_AGGRESSIVE;
				CLANG_CXX_LANGUAGE_STANDARD = "gnu++17";
				CLANG_CXX_LIBRARY = "libc++";
				CLANG_ENABLE_MODULES = YES;
				CLANG_ENABLE_OBJC_ARC = YES;
				CLANG_ENABLE_OBJC_WEAK = YES;
				CLANG_WARN_BLOCK_CAPTURE_AUTORELEASING = YES;
				CLANG_WARN_BOOL_CONVERSION = YES;
				CLANG_WARN_COMMA = YES;
				CLANG_WARN_CONSTANT_CONVERSION = YES;
				CLANG_WARN_DEPRECATED_OBJC_IMPLEMENTATIONS = YES;
				CLANG_WARN_DIRECT_OBJC_ISA_USAGE = YES_ERROR;
				CLANG_WARN_DOCUMENTATION_COMMENTS = YES;
				CLANG_WARN_EMPTY_BODY = YES;
				CLANG_WARN_ENUM_CONVERSION = YES;
				CLANG_WARN_INFINITE_RECURSION = YES;
				CLANG_WARN_INT_CONVERSION = YES;
				CLANG_WARN_NON_LITERAL_NULL_CONVERSION = YES;
				CLANG_WARN_OBJC_IMPLICIT_RETAIN_SELF = YES;
				CLANG_WARN_OBJC_LITERAL_CONVERSION = YES;
				CLANG_WARN_OBJC_ROOT_CLASS = YES_ERROR;
				CLANG_WARN_QUOTED_INCLUDE_IN_FRAMEWORK_HEADER = YES;
				CLANG_WARN_RANGE_LOOP_ANALYSIS = YES;
				CLANG_WARN_STRICT_PROTOTYPES = YES;
				CLANG_WARN_SUSPICIOUS_MOVE = YES;
				CLANG_WARN_UNGUARDED_AVAILABILITY = YES_AGGRESSIVE;
				CLANG_WARN_UNREACHABLE_CODE = YES;
				CLANG_WARN__DUPLICATE_METHOD_MATCH = YES;
				COPY_PHASE_STRIP = NO;
				DEBUG_INFORMATION_FORMAT = dwarf;
				ENABLE_STRICT_OBJC_MSGSEND = YES;
				ENABLE_TESTABILITY = YES;
				GCC_C_LANGUAGE_STANDARD = gnu11;
				GCC_DYNAMIC_NO_PIC = NO;
				GCC_NO_COMMON_BLOCKS = YES;
				GCC_OPTIMIZATION_LEVEL = 0;
				GCC_PREPROCESSOR_DEFINITIONS = (
					"DEBUG=1",
					"$(inherited)",
				);
				GCC_WARN_64_TO_32_BIT_CONVERSION = YES;
				GCC_WARN_ABOUT_RETURN_TYPE = YES_ERROR;
				GCC_WARN_UNDECLARED_SELECTOR = YES;
				GCC_WARN_UNINITIALIZED_AUTOS = YES_AGGRESSIVE;
				GCC_WARN_UNUSED_FUNCTION = YES;
				GCC_WARN_UNUSED_VARIABLE = YES;
				IPHONEOS_DEPLOYMENT_TARGET = 15.2;
				MTL_ENABLE_DEBUG_INFO = INCLUDE_SOURCE;
				MTL_FAST_MATH = YES;
				ONLY_ACTIVE_ARCH = YES;
				SDKROOT = iphoneos;
				SWIFT_ACTIVE_COMPILATION_CONDITIONS = DEBUG;
				SWIFT_OPTIMIZATION_LEVEL = "-Onone";
			};
			name = Debug;
		};
		289002FC280E7B600020AD7A /* Release */ = {
			isa = XCBuildConfiguration;
			buildSettings = {
				ALWAYS_SEARCH_USER_PATHS = NO;
				CLANG_ANALYZER_NONNULL = YES;
				CLANG_ANALYZER_NUMBER_OBJECT_CONVERSION = YES_AGGRESSIVE;
				CLANG_CXX_LANGUAGE_STANDARD = "gnu++17";
				CLANG_CXX_LIBRARY = "libc++";
				CLANG_ENABLE_MODULES = YES;
				CLANG_ENABLE_OBJC_ARC = YES;
				CLANG_ENABLE_OBJC_WEAK = YES;
				CLANG_WARN_BLOCK_CAPTURE_AUTORELEASING = YES;
				CLANG_WARN_BOOL_CONVERSION = YES;
				CLANG_WARN_COMMA = YES;
				CLANG_WARN_CONSTANT_CONVERSION = YES;
				CLANG_WARN_DEPRECATED_OBJC_IMPLEMENTATIONS = YES;
				CLANG_WARN_DIRECT_OBJC_ISA_USAGE = YES_ERROR;
				CLANG_WARN_DOCUMENTATION_COMMENTS = YES;
				CLANG_WARN_EMPTY_BODY = YES;
				CLANG_WARN_ENUM_CONVERSION = YES;
				CLANG_WARN_INFINITE_RECURSION = YES;
				CLANG_WARN_INT_CONVERSION = YES;
				CLANG_WARN_NON_LITERAL_NULL_CONVERSION = YES;
				CLANG_WARN_OBJC_IMPLICIT_RETAIN_SELF = YES;
				CLANG_WARN_OBJC_LITERAL_CONVERSION = YES;
				CLANG_WARN_OBJC_ROOT_CLASS = YES_ERROR;
				CLANG_WARN_QUOTED_INCLUDE_IN_FRAMEWORK_HEADER = YES;
				CLANG_WARN_RANGE_LOOP_ANALYSIS = YES;
				CLANG_WARN_STRICT_PROTOTYPES = YES;
				CLANG_WARN_SUSPICIOUS_MOVE = YES;
				CLANG_WARN_UNGUARDED_AVAILABILITY = YES_AGGRESSIVE;
				CLANG_WARN_UNREACHABLE_CODE = YES;
				CLANG_WARN__DUPLICATE_METHOD_MATCH = YES;
				COPY_PHASE_STRIP = NO;
				DEBUG_INFORMATION_FORMAT = "dwarf-with-dsym";
				ENABLE_NS_ASSERTIONS = NO;
				ENABLE_STRICT_OBJC_MSGSEND = YES;
				GCC_C_LANGUAGE_STANDARD = gnu11;
				GCC_NO_COMMON_BLOCKS = YES;
				GCC_WARN_64_TO_32_BIT_CONVERSION = YES;
				GCC_WARN_ABOUT_RETURN_TYPE = YES_ERROR;
				GCC_WARN_UNDECLARED_SELECTOR = YES;
				GCC_WARN_UNINITIALIZED_AUTOS = YES_AGGRESSIVE;
				GCC_WARN_UNUSED_FUNCTION = YES;
				GCC_WARN_UNUSED_VARIABLE = YES;
				IPHONEOS_DEPLOYMENT_TARGET = 15.2;
				MTL_ENABLE_DEBUG_INFO = NO;
				MTL_FAST_MATH = YES;
				SDKROOT = iphoneos;
				SWIFT_COMPILATION_MODE = wholemodule;
				SWIFT_OPTIMIZATION_LEVEL = "-O";
				VALIDATE_PRODUCT = YES;
			};
			name = Release;
		};
		289002FE280E7B600020AD7A /* Debug */ = {
			isa = XCBuildConfiguration;
			buildSettings = {
				ASSETCATALOG_COMPILER_APPICON_NAME = AppIcon;
				ASSETCATALOG_COMPILER_GLOBAL_ACCENT_COLOR_NAME = AccentColor;
				CODE_SIGN_STYLE = Automatic;
				CURRENT_PROJECT_VERSION = 1;
				DEVELOPMENT_TEAM = FBPU586293;
				GENERATE_INFOPLIST_FILE = YES;
				INFOPLIST_FILE = "FetchRewards-iOS-Coding-Challenge/Info.plist";
				INFOPLIST_KEY_UIApplicationSupportsIndirectInputEvents = YES;
				INFOPLIST_KEY_UILaunchStoryboardName = LaunchScreen;
				INFOPLIST_KEY_UIMainStoryboardFile = Main;
				INFOPLIST_KEY_UISupportedInterfaceOrientations_iPad = "UIInterfaceOrientationPortrait UIInterfaceOrientationPortraitUpsideDown UIInterfaceOrientationLandscapeLeft UIInterfaceOrientationLandscapeRight";
				INFOPLIST_KEY_UISupportedInterfaceOrientations_iPhone = "UIInterfaceOrientationPortrait UIInterfaceOrientationLandscapeLeft UIInterfaceOrientationLandscapeRight";
				LD_RUNPATH_SEARCH_PATHS = (
					"$(inherited)",
					"@executable_path/Frameworks",
				);
				MARKETING_VERSION = 1.0;
				PRODUCT_BUNDLE_IDENTIFIER = "com.ryan.nguyen.FetchRewards-iOS-Coding-Challenge";
				PRODUCT_NAME = "$(TARGET_NAME)";
				SWIFT_EMIT_LOC_STRINGS = YES;
				SWIFT_VERSION = 5.0;
				TARGETED_DEVICE_FAMILY = "1,2";
			};
			name = Debug;
		};
		289002FF280E7B600020AD7A /* Release */ = {
			isa = XCBuildConfiguration;
			buildSettings = {
				ASSETCATALOG_COMPILER_APPICON_NAME = AppIcon;
				ASSETCATALOG_COMPILER_GLOBAL_ACCENT_COLOR_NAME = AccentColor;
				CODE_SIGN_STYLE = Automatic;
				CURRENT_PROJECT_VERSION = 1;
				DEVELOPMENT_TEAM = FBPU586293;
				GENERATE_INFOPLIST_FILE = YES;
				INFOPLIST_FILE = "FetchRewards-iOS-Coding-Challenge/Info.plist";
				INFOPLIST_KEY_UIApplicationSupportsIndirectInputEvents = YES;
				INFOPLIST_KEY_UILaunchStoryboardName = LaunchScreen;
				INFOPLIST_KEY_UIMainStoryboardFile = Main;
				INFOPLIST_KEY_UISupportedInterfaceOrientations_iPad = "UIInterfaceOrientationPortrait UIInterfaceOrientationPortraitUpsideDown UIInterfaceOrientationLandscapeLeft UIInterfaceOrientationLandscapeRight";
				INFOPLIST_KEY_UISupportedInterfaceOrientations_iPhone = "UIInterfaceOrientationPortrait UIInterfaceOrientationLandscapeLeft UIInterfaceOrientationLandscapeRight";
				LD_RUNPATH_SEARCH_PATHS = (
					"$(inherited)",
					"@executable_path/Frameworks",
				);
				MARKETING_VERSION = 1.0;
				PRODUCT_BUNDLE_IDENTIFIER = "com.ryan.nguyen.FetchRewards-iOS-Coding-Challenge";
				PRODUCT_NAME = "$(TARGET_NAME)";
				SWIFT_EMIT_LOC_STRINGS = YES;
				SWIFT_VERSION = 5.0;
				TARGETED_DEVICE_FAMILY = "1,2";
			};
			name = Release;
		};
		28900301280E7B600020AD7A /* Debug */ = {
			isa = XCBuildConfiguration;
			buildSettings = {
				ALWAYS_EMBED_SWIFT_STANDARD_LIBRARIES = YES;
				BUNDLE_LOADER = "$(TEST_HOST)";
				CODE_SIGN_STYLE = Automatic;
				CURRENT_PROJECT_VERSION = 1;
				DEVELOPMENT_TEAM = FBPU586293;
				GENERATE_INFOPLIST_FILE = YES;
				IPHONEOS_DEPLOYMENT_TARGET = 15.2;
				MARKETING_VERSION = 1.0;
				PRODUCT_BUNDLE_IDENTIFIER = "com.ryan.nguyen.FetchRewards-iOS-Coding-ChallengeTests";
				PRODUCT_NAME = "$(TARGET_NAME)";
				SWIFT_EMIT_LOC_STRINGS = NO;
				SWIFT_VERSION = 5.0;
				TARGETED_DEVICE_FAMILY = "1,2";
				TEST_HOST = "$(BUILT_PRODUCTS_DIR)/FetchRewards-iOS-Coding-Challenge.app/FetchRewards-iOS-Coding-Challenge";
			};
			name = Debug;
		};
		28900302280E7B600020AD7A /* Release */ = {
			isa = XCBuildConfiguration;
			buildSettings = {
				ALWAYS_EMBED_SWIFT_STANDARD_LIBRARIES = YES;
				BUNDLE_LOADER = "$(TEST_HOST)";
				CODE_SIGN_STYLE = Automatic;
				CURRENT_PROJECT_VERSION = 1;
				DEVELOPMENT_TEAM = FBPU586293;
				GENERATE_INFOPLIST_FILE = YES;
				IPHONEOS_DEPLOYMENT_TARGET = 15.2;
				MARKETING_VERSION = 1.0;
				PRODUCT_BUNDLE_IDENTIFIER = "com.ryan.nguyen.FetchRewards-iOS-Coding-ChallengeTests";
				PRODUCT_NAME = "$(TARGET_NAME)";
				SWIFT_EMIT_LOC_STRINGS = NO;
				SWIFT_VERSION = 5.0;
				TARGETED_DEVICE_FAMILY = "1,2";
				TEST_HOST = "$(BUILT_PRODUCTS_DIR)/FetchRewards-iOS-Coding-Challenge.app/FetchRewards-iOS-Coding-Challenge";
			};
			name = Release;
		};
		28900304280E7B600020AD7A /* Debug */ = {
			isa = XCBuildConfiguration;
			buildSettings = {
				ALWAYS_EMBED_SWIFT_STANDARD_LIBRARIES = YES;
				CODE_SIGN_STYLE = Automatic;
				CURRENT_PROJECT_VERSION = 1;
				DEVELOPMENT_TEAM = FBPU586293;
				GENERATE_INFOPLIST_FILE = YES;
				MARKETING_VERSION = 1.0;
				PRODUCT_BUNDLE_IDENTIFIER = "com.ryan.nguyen.FetchRewards-iOS-Coding-ChallengeUITests";
				PRODUCT_NAME = "$(TARGET_NAME)";
				SWIFT_EMIT_LOC_STRINGS = NO;
				SWIFT_VERSION = 5.0;
				TARGETED_DEVICE_FAMILY = "1,2";
				TEST_TARGET_NAME = "FetchRewards-iOS-Coding-Challenge";
			};
			name = Debug;
		};
		28900305280E7B600020AD7A /* Release */ = {
			isa = XCBuildConfiguration;
			buildSettings = {
				ALWAYS_EMBED_SWIFT_STANDARD_LIBRARIES = YES;
				CODE_SIGN_STYLE = Automatic;
				CURRENT_PROJECT_VERSION = 1;
				DEVELOPMENT_TEAM = FBPU586293;
				GENERATE_INFOPLIST_FILE = YES;
				MARKETING_VERSION = 1.0;
				PRODUCT_BUNDLE_IDENTIFIER = "com.ryan.nguyen.FetchRewards-iOS-Coding-ChallengeUITests";
				PRODUCT_NAME = "$(TARGET_NAME)";
				SWIFT_EMIT_LOC_STRINGS = NO;
				SWIFT_VERSION = 5.0;
				TARGETED_DEVICE_FAMILY = "1,2";
				TEST_TARGET_NAME = "FetchRewards-iOS-Coding-Challenge";
			};
			name = Release;
		};
/* End XCBuildConfiguration section */

/* Begin XCConfigurationList section */
		289002CE280E7B5C0020AD7A /* Build configuration list for PBXProject "FetchRewards-iOS-Coding-Challenge" */ = {
			isa = XCConfigurationList;
			buildConfigurations = (
				289002FB280E7B600020AD7A /* Debug */,
				289002FC280E7B600020AD7A /* Release */,
			);
			defaultConfigurationIsVisible = 0;
			defaultConfigurationName = Release;
		};
		289002FD280E7B600020AD7A /* Build configuration list for PBXNativeTarget "FetchRewards-iOS-Coding-Challenge" */ = {
			isa = XCConfigurationList;
			buildConfigurations = (
				289002FE280E7B600020AD7A /* Debug */,
				289002FF280E7B600020AD7A /* Release */,
			);
			defaultConfigurationIsVisible = 0;
			defaultConfigurationName = Release;
		};
		28900300280E7B600020AD7A /* Build configuration list for PBXNativeTarget "FetchRewards-iOS-Coding-ChallengeTests" */ = {
			isa = XCConfigurationList;
			buildConfigurations = (
				28900301280E7B600020AD7A /* Debug */,
				28900302280E7B600020AD7A /* Release */,
			);
			defaultConfigurationIsVisible = 0;
			defaultConfigurationName = Release;
		};
		28900303280E7B600020AD7A /* Build configuration list for PBXNativeTarget "FetchRewards-iOS-Coding-ChallengeUITests" */ = {
			isa = XCConfigurationList;
			buildConfigurations = (
				28900304280E7B600020AD7A /* Debug */,
				28900305280E7B600020AD7A /* Release */,
			);
			defaultConfigurationIsVisible = 0;
			defaultConfigurationName = Release;
		};
/* End XCConfigurationList section */
	};
	rootObject = 289002CB280E7B5C0020AD7A /* Project object */;
}
